
Microsoft Visual Studio Solution File, Format Version 12.00
# Visual Studio Version 17
VisualStudioVersion = 17.8.34601.278
MinimumVisualStudioVersion = 10.0.40219.1
Project("{FAE04EC0-301F-11D3-BF4B-00C04F79EFBC}") = "Semesterprojekt2", "Semesterprojekt2\Semesterprojekt2.csproj", "{B6681D9A-3408-4C7D-97B1-6684F19F8FB6}"
EndProject
Global
	GlobalSection(SolutionConfigurationPlatforms) = preSolution
		Debug|Any CPU = Debug|Any CPU
		Release|Any CPU = Release|Any CPU
	EndGlobalSection
	GlobalSection(ProjectConfigurationPlatforms) = postSolution
		{B6681D9A-3408-4C7D-97B1-6684F19F8FB6}.Debug|Any CPU.ActiveCfg = Debug|Any CPU
		{B6681D9A-3408-4C7D-97B1-6684F19F8FB6}.Debug|Any CPU.Build.0 = Debug|Any CPU
		{B6681D9A-3408-4C7D-97B1-6684F19F8FB6}.Release|Any CPU.ActiveCfg = Release|Any CPU
		{B6681D9A-3408-4C7D-97B1-6684F19F8FB6}.Release|Any CPU.Build.0 = Release|Any CPU
	EndGlobalSection
	GlobalSection(SolutionProperties) = preSolution
		HideSolutionNode = FALSE
	EndGlobalSection
	GlobalSection(ExtensibilityGlobals) = postSolution
		SolutionGuid = {312D6A38-C980-498E-8430-37F5D69F6D96}
	EndGlobalSection
EndGlobal
